
Microsoft Visual Studio Solution File, Format Version 12.00
# Visual Studio 14
VisualStudioVersion = 14.0.25420.1
MinimumVisualStudioVersion = 10.0.40219.1
Project("{FAE04EC0-301F-11D3-BF4B-00C04F79EFBC}") = "01.DogHoyse", "01.DogHoyse\01.DogHoyse.csproj", "{3A6851DF-429F-4DCA-9C59-AEEF17489463}"
EndProject
Project("{FAE04EC0-301F-11D3-BF4B-00C04F79EFBC}") = "02.WorkHours", "02.WorkHours\02.WorkHours.csproj", "{F15A901C-A12F-4CAF-81ED-02174BBC960E}"
EndProject
Project("{FAE04EC0-301F-11D3-BF4B-00C04F79EFBC}") = "03.CarToGo", "03.CarToGo\03.CarToGo.csproj", "{CCB9776C-7795-46B3-A220-A0B6EF4DE8A8}"
EndProject
Project("{FAE04EC0-301F-11D3-BF4B-00C04F79EFBC}") = "04.GameOfIntervals", "04.GameOfIntervals\04.GameOfIntervals.csproj", "{5D519A43-481A-4E39-9799-7E1CBE807D18}"
EndProject
Project("{FAE04EC0-301F-11D3-BF4B-00C04F79EFBC}") = "06.SumTwoNumbers", "06.SumTwoNumbers\06.SumTwoNumbers.csproj", "{24BDE9E6-F617-42B9-A10B-C28CA62FC731}"
EndProject
Global
	GlobalSection(SolutionConfigurationPlatforms) = preSolution
		Debug|Any CPU = Debug|Any CPU
		Release|Any CPU = Release|Any CPU
	EndGlobalSection
	GlobalSection(ProjectConfigurationPlatforms) = postSolution
		{3A6851DF-429F-4DCA-9C59-AEEF17489463}.Debug|Any CPU.ActiveCfg = Debug|Any CPU
		{3A6851DF-429F-4DCA-9C59-AEEF17489463}.Debug|Any CPU.Build.0 = Debug|Any CPU
		{3A6851DF-429F-4DCA-9C59-AEEF17489463}.Release|Any CPU.ActiveCfg = Release|Any CPU
		{3A6851DF-429F-4DCA-9C59-AEEF17489463}.Release|Any CPU.Build.0 = Release|Any CPU
		{F15A901C-A12F-4CAF-81ED-02174BBC960E}.Debug|Any CPU.ActiveCfg = Debug|Any CPU
		{F15A901C-A12F-4CAF-81ED-02174BBC960E}.Debug|Any CPU.Build.0 = Debug|Any CPU
		{F15A901C-A12F-4CAF-81ED-02174BBC960E}.Release|Any CPU.ActiveCfg = Release|Any CPU
		{F15A901C-A12F-4CAF-81ED-02174BBC960E}.Release|Any CPU.Build.0 = Release|Any CPU
		{CCB9776C-7795-46B3-A220-A0B6EF4DE8A8}.Debug|Any CPU.ActiveCfg = Debug|Any CPU
		{CCB9776C-7795-46B3-A220-A0B6EF4DE8A8}.Debug|Any CPU.Build.0 = Debug|Any CPU
		{CCB9776C-7795-46B3-A220-A0B6EF4DE8A8}.Release|Any CPU.ActiveCfg = Release|Any CPU
		{CCB9776C-7795-46B3-A220-A0B6EF4DE8A8}.Release|Any CPU.Build.0 = Release|Any CPU
		{5D519A43-481A-4E39-9799-7E1CBE807D18}.Debug|Any CPU.ActiveCfg = Debug|Any CPU
		{5D519A43-481A-4E39-9799-7E1CBE807D18}.Debug|Any CPU.Build.0 = Debug|Any CPU
		{5D519A43-481A-4E39-9799-7E1CBE807D18}.Release|Any CPU.ActiveCfg = Release|Any CPU
		{5D519A43-481A-4E39-9799-7E1CBE807D18}.Release|Any CPU.Build.0 = Release|Any CPU
		{24BDE9E6-F617-42B9-A10B-C28CA62FC731}.Debug|Any CPU.ActiveCfg = Debug|Any CPU
		{24BDE9E6-F617-42B9-A10B-C28CA62FC731}.Debug|Any CPU.Build.0 = Debug|Any CPU
		{24BDE9E6-F617-42B9-A10B-C28CA62FC731}.Release|Any CPU.ActiveCfg = Release|Any CPU
		{24BDE9E6-F617-42B9-A10B-C28CA62FC731}.Release|Any CPU.Build.0 = Release|Any CPU
	EndGlobalSection
	GlobalSection(SolutionProperties) = preSolution
		HideSolutionNode = FALSE
	EndGlobalSection
EndGlobal
