
Microsoft Visual Studio Solution File, Format Version 12.00
# Visual Studio 14
VisualStudioVersion = 14.0.25420.1
MinimumVisualStudioVersion = 10.0.40219.1
Project("{FAE04EC0-301F-11D3-BF4B-00C04F79EFBC}") = "01.Distance", "01.Distance\01.Distance.csproj", "{7CF58028-EF9C-4A39-8014-E6B9E9DDD438}"
EndProject
Project("{FAE04EC0-301F-11D3-BF4B-00C04F79EFBC}") = "02.ChangeTiles", "02.ChangeTiles\02.ChangeTiles.csproj", "{561E5E91-7A9C-4234-8C5C-A60F3EF3B7A5}"
EndProject
Project("{FAE04EC0-301F-11D3-BF4B-00C04F79EFBC}") = "03.Flowers", "03.Flowers\03.Flowers.csproj", "{D4CFDF79-092E-4A25-BC59-70CD236BF75C}"
EndProject
Project("{FAE04EC0-301F-11D3-BF4B-00C04F79EFBC}") = "04.Grades", "04.Grades\04.Grades.csproj", "{09FF271A-4A88-4097-8C18-DC0FADAC90A6}"
EndProject
Project("{FAE04EC0-301F-11D3-BF4B-00C04F79EFBC}") = "06.LettersCombinations", "06.LettersCombinations\06.LettersCombinations.csproj", "{F06CBBC5-3643-40E9-A3E6-04597BA536E2}"
EndProject
Global
	GlobalSection(SolutionConfigurationPlatforms) = preSolution
		Debug|Any CPU = Debug|Any CPU
		Release|Any CPU = Release|Any CPU
	EndGlobalSection
	GlobalSection(ProjectConfigurationPlatforms) = postSolution
		{7CF58028-EF9C-4A39-8014-E6B9E9DDD438}.Debug|Any CPU.ActiveCfg = Debug|Any CPU
		{7CF58028-EF9C-4A39-8014-E6B9E9DDD438}.Debug|Any CPU.Build.0 = Debug|Any CPU
		{7CF58028-EF9C-4A39-8014-E6B9E9DDD438}.Release|Any CPU.ActiveCfg = Release|Any CPU
		{7CF58028-EF9C-4A39-8014-E6B9E9DDD438}.Release|Any CPU.Build.0 = Release|Any CPU
		{561E5E91-7A9C-4234-8C5C-A60F3EF3B7A5}.Debug|Any CPU.ActiveCfg = Debug|Any CPU
		{561E5E91-7A9C-4234-8C5C-A60F3EF3B7A5}.Debug|Any CPU.Build.0 = Debug|Any CPU
		{561E5E91-7A9C-4234-8C5C-A60F3EF3B7A5}.Release|Any CPU.ActiveCfg = Release|Any CPU
		{561E5E91-7A9C-4234-8C5C-A60F3EF3B7A5}.Release|Any CPU.Build.0 = Release|Any CPU
		{D4CFDF79-092E-4A25-BC59-70CD236BF75C}.Debug|Any CPU.ActiveCfg = Debug|Any CPU
		{D4CFDF79-092E-4A25-BC59-70CD236BF75C}.Debug|Any CPU.Build.0 = Debug|Any CPU
		{D4CFDF79-092E-4A25-BC59-70CD236BF75C}.Release|Any CPU.ActiveCfg = Release|Any CPU
		{D4CFDF79-092E-4A25-BC59-70CD236BF75C}.Release|Any CPU.Build.0 = Release|Any CPU
		{09FF271A-4A88-4097-8C18-DC0FADAC90A6}.Debug|Any CPU.ActiveCfg = Debug|Any CPU
		{09FF271A-4A88-4097-8C18-DC0FADAC90A6}.Debug|Any CPU.Build.0 = Debug|Any CPU
		{09FF271A-4A88-4097-8C18-DC0FADAC90A6}.Release|Any CPU.ActiveCfg = Release|Any CPU
		{09FF271A-4A88-4097-8C18-DC0FADAC90A6}.Release|Any CPU.Build.0 = Release|Any CPU
		{F06CBBC5-3643-40E9-A3E6-04597BA536E2}.Debug|Any CPU.ActiveCfg = Debug|Any CPU
		{F06CBBC5-3643-40E9-A3E6-04597BA536E2}.Debug|Any CPU.Build.0 = Debug|Any CPU
		{F06CBBC5-3643-40E9-A3E6-04597BA536E2}.Release|Any CPU.ActiveCfg = Release|Any CPU
		{F06CBBC5-3643-40E9-A3E6-04597BA536E2}.Release|Any CPU.Build.0 = Release|Any CPU
	EndGlobalSection
	GlobalSection(SolutionProperties) = preSolution
		HideSolutionNode = FALSE
	EndGlobalSection
EndGlobal
