
Microsoft Visual Studio Solution File, Format Version 12.00
# Visual Studio 14
VisualStudioVersion = 14.0.25420.1
MinimumVisualStudioVersion = 10.0.40219.1
Project("{FAE04EC0-301F-11D3-BF4B-00C04F79EFBC}") = "01.Market", "01.Market\01.Market.csproj", "{38EAF342-E90A-4D07-B2A5-29C85B89AB5F}"
EndProject
Project("{FAE04EC0-301F-11D3-BF4B-00C04F79EFBC}") = "02.Pipe", "02.Pipe\02.Pipe.csproj", "{DC2119B6-E211-4575-9033-EC40FC61CA48}"
EndProject
Project("{FAE04EC0-301F-11D3-BF4B-00C04F79EFBC}") = "03.Trip", "03.Trip\03.Trip.csproj", "{A286297D-85B8-431B-B453-87EE51105C8D}"
EndProject
Project("{FAE04EC0-301F-11D3-BF4B-00C04F79EFBC}") = "04.Division", "04.Division\04.Division.csproj", "{C17A86A9-5478-490A-858C-E2D6B98CACC8}"
EndProject
Project("{FAE04EC0-301F-11D3-BF4B-00C04F79EFBC}") = "06.MagicNumbers", "06.MagicNumbers\06.MagicNumbers.csproj", "{B3F984B6-92DC-4E7C-B928-5E8901B234E1}"
EndProject
Global
	GlobalSection(SolutionConfigurationPlatforms) = preSolution
		Debug|Any CPU = Debug|Any CPU
		Release|Any CPU = Release|Any CPU
	EndGlobalSection
	GlobalSection(ProjectConfigurationPlatforms) = postSolution
		{38EAF342-E90A-4D07-B2A5-29C85B89AB5F}.Debug|Any CPU.ActiveCfg = Debug|Any CPU
		{38EAF342-E90A-4D07-B2A5-29C85B89AB5F}.Debug|Any CPU.Build.0 = Debug|Any CPU
		{38EAF342-E90A-4D07-B2A5-29C85B89AB5F}.Release|Any CPU.ActiveCfg = Release|Any CPU
		{38EAF342-E90A-4D07-B2A5-29C85B89AB5F}.Release|Any CPU.Build.0 = Release|Any CPU
		{DC2119B6-E211-4575-9033-EC40FC61CA48}.Debug|Any CPU.ActiveCfg = Debug|Any CPU
		{DC2119B6-E211-4575-9033-EC40FC61CA48}.Debug|Any CPU.Build.0 = Debug|Any CPU
		{DC2119B6-E211-4575-9033-EC40FC61CA48}.Release|Any CPU.ActiveCfg = Release|Any CPU
		{DC2119B6-E211-4575-9033-EC40FC61CA48}.Release|Any CPU.Build.0 = Release|Any CPU
		{A286297D-85B8-431B-B453-87EE51105C8D}.Debug|Any CPU.ActiveCfg = Debug|Any CPU
		{A286297D-85B8-431B-B453-87EE51105C8D}.Debug|Any CPU.Build.0 = Debug|Any CPU
		{A286297D-85B8-431B-B453-87EE51105C8D}.Release|Any CPU.ActiveCfg = Release|Any CPU
		{A286297D-85B8-431B-B453-87EE51105C8D}.Release|Any CPU.Build.0 = Release|Any CPU
		{C17A86A9-5478-490A-858C-E2D6B98CACC8}.Debug|Any CPU.ActiveCfg = Debug|Any CPU
		{C17A86A9-5478-490A-858C-E2D6B98CACC8}.Debug|Any CPU.Build.0 = Debug|Any CPU
		{C17A86A9-5478-490A-858C-E2D6B98CACC8}.Release|Any CPU.ActiveCfg = Release|Any CPU
		{C17A86A9-5478-490A-858C-E2D6B98CACC8}.Release|Any CPU.Build.0 = Release|Any CPU
		{B3F984B6-92DC-4E7C-B928-5E8901B234E1}.Debug|Any CPU.ActiveCfg = Debug|Any CPU
		{B3F984B6-92DC-4E7C-B928-5E8901B234E1}.Debug|Any CPU.Build.0 = Debug|Any CPU
		{B3F984B6-92DC-4E7C-B928-5E8901B234E1}.Release|Any CPU.ActiveCfg = Release|Any CPU
		{B3F984B6-92DC-4E7C-B928-5E8901B234E1}.Release|Any CPU.Build.0 = Release|Any CPU
	EndGlobalSection
	GlobalSection(SolutionProperties) = preSolution
		HideSolutionNode = FALSE
	EndGlobalSection
EndGlobal
